
Microsoft Visual Studio Solution File, Format Version 12.00
# Visual Studio Version 17
VisualStudioVersion = 17.5.2.0
MinimumVisualStudioVersion = 10.0.40219.1
Project("{FAE04EC0-301F-11D3-BF4B-00C04F79EFBC}") = "SkillHub", "SkillHub.csproj", "{17EB07A0-E9EE-132D-E2AB-99526E7919FC}"
EndProject
Global
	GlobalSection(SolutionConfigurationPlatforms) = preSolution
		Debug|Any CPU = Debug|Any CPU
		Debug|x64 = Debug|x64
		Debug|x86 = Debug|x86
		Release|Any CPU = Release|Any CPU
		Release|x64 = Release|x64
		Release|x86 = Release|x86
	EndGlobalSection
	GlobalSection(ProjectConfigurationPlatforms) = postSolution
		{17EB07A0-E9EE-132D-E2AB-99526E7919FC}.Debug|Any CPU.ActiveCfg = Debug|Any CPU
		{17EB07A0-E9EE-132D-E2AB-99526E7919FC}.Debug|Any CPU.Build.0 = Debug|Any CPU
		{17EB07A0-E9EE-132D-E2AB-99526E7919FC}.Debug|x64.ActiveCfg = Debug|Any CPU
		{17EB07A0-E9EE-132D-E2AB-99526E7919FC}.Debug|x64.Build.0 = Debug|Any CPU
		{17EB07A0-E9EE-132D-E2AB-99526E7919FC}.Debug|x86.ActiveCfg = Debug|Any CPU
		{17EB07A0-E9EE-132D-E2AB-99526E7919FC}.Debug|x86.Build.0 = Debug|Any CPU
		{17EB07A0-E9EE-132D-E2AB-99526E7919FC}.Release|Any CPU.ActiveCfg = Release|Any CPU
		{17EB07A0-E9EE-132D-E2AB-99526E7919FC}.Release|Any CPU.Build.0 = Release|Any CPU
		{17EB07A0-E9EE-132D-E2AB-99526E7919FC}.Release|x64.ActiveCfg = Release|Any CPU
		{17EB07A0-E9EE-132D-E2AB-99526E7919FC}.Release|x64.Build.0 = Release|Any CPU
		{17EB07A0-E9EE-132D-E2AB-99526E7919FC}.Release|x86.ActiveCfg = Release|Any CPU
		{17EB07A0-E9EE-132D-E2AB-99526E7919FC}.Release|x86.Build.0 = Release|Any CPU
	EndGlobalSection
	GlobalSection(SolutionProperties) = preSolution
		HideSolutionNode = FALSE
	EndGlobalSection
	GlobalSection(ExtensibilityGlobals) = postSolution
		SolutionGuid = {ED8EB6A6-4ED4-4C0D-8540-DBCAD93A7B5F}
	EndGlobalSection
EndGlobal
